
Microsoft Visual Studio Solution File, Format Version 11.00
# Visual Studio 2010
Project("{FAE04EC0-301F-11D3-BF4B-00C04F79EFBC}") = "Assembly-CSharp", "Assembly-CSharp.csproj", "{9c1d2033-0b91-2993-b06b-92fca4d422c6}"
EndProject
Project("{FAE04EC0-301F-11D3-BF4B-00C04F79EFBC}") = "Assembly-CSharp-firstpass", "Assembly-CSharp-firstpass.csproj", "{9e38f1ab-9699-eafe-7c04-6133ffbf2759}"
EndProject
Global
	GlobalSection(SolutionConfigurationPlatforms) = preSolution
		Debug|Any CPU = Debug|Any CPU
	EndGlobalSection
	GlobalSection(ProjectConfigurationPlatforms) = postSolution
		{9c1d2033-0b91-2993-b06b-92fca4d422c6}.Debug|Any CPU.ActiveCfg = Debug|Any CPU
		{9c1d2033-0b91-2993-b06b-92fca4d422c6}.Debug|Any CPU.Build.0 = Debug|Any CPU
		{9e38f1ab-9699-eafe-7c04-6133ffbf2759}.Debug|Any CPU.ActiveCfg = Debug|Any CPU
		{9e38f1ab-9699-eafe-7c04-6133ffbf2759}.Debug|Any CPU.Build.0 = Debug|Any CPU
	EndGlobalSection
	GlobalSection(SolutionProperties) = preSolution
		HideSolutionNode = FALSE
	EndGlobalSection
EndGlobal
